
Microsoft Visual Studio Solution File, Format Version 12.00
# Visual Studio 15
VisualStudioVersion = 15.0.26730.8
MinimumVisualStudioVersion = 10.0.40219.1
Project("{FAE04EC0-301F-11D3-BF4B-00C04F79EFBC}") = "NorthwindNgBootstrap", "NorthwindNgBootstrap\NorthwindNgBootstrap.csproj", "{D1083C8F-969A-4A1C-BD44-2DF971843B8E}"
EndProject
Global
	GlobalSection(SolutionConfigurationPlatforms) = preSolution
		Debug|Any CPU = Debug|Any CPU
		Release|Any CPU = Release|Any CPU
	EndGlobalSection
	GlobalSection(ProjectConfigurationPlatforms) = postSolution
		{D1083C8F-969A-4A1C-BD44-2DF971843B8E}.Debug|Any CPU.ActiveCfg = Debug|Any CPU
		{D1083C8F-969A-4A1C-BD44-2DF971843B8E}.Debug|Any CPU.Build.0 = Debug|Any CPU
		{D1083C8F-969A-4A1C-BD44-2DF971843B8E}.Release|Any CPU.ActiveCfg = Release|Any CPU
		{D1083C8F-969A-4A1C-BD44-2DF971843B8E}.Release|Any CPU.Build.0 = Release|Any CPU
	EndGlobalSection
	GlobalSection(SolutionProperties) = preSolution
		HideSolutionNode = FALSE
	EndGlobalSection
	GlobalSection(ExtensibilityGlobals) = postSolution
		SolutionGuid = {C6319EA8-BF30-4F8F-A6BF-9568D05E2261}
	EndGlobalSection
EndGlobal
